<Solution>
  <Folder Name="/IntegrationPlugins/">
    <Project Path="Nibbs.Nps.Integration/Nibbs.Nps.Integration.csproj" Id="810da71e-5f7f-473a-851b-d4d4cd5560b7" />
  </Folder>
  <Folder Name="/Services/">
    <Project Path="Integration.BusinessLogics/Integration.BusinessLogics.csproj" />
    <Project Path="Integration.Infrastructures/Integration.Infrastructures.csproj" />
    <Project Path="Integration.Utilities/Integration.Utilities.csproj" />
    <Project Path="Integration.ViewModels/Integration.ViewModels.csproj" />
  </Folder>
  <Project Path="Integration.WebApi/Integration.WebApi.csproj" />
</Solution>
